{
  "nodes": {
    "flake-utils": {
      "locked": {
        "lastModified": 1623875721,
        "narHash": "sha256-A8BU7bjS5GirpAUv4QA+QnJ4CceLHkcXdRp4xITDB0s=",
        "owner": "numtide",
        "repo": "flake-utils",
        "rev": "f7e004a55b120c02ecb6219596820fcd32ca8772",
        "type": "github"
      },
      "original": {
        "owner": "numtide",
        "repo": "flake-utils",
        "type": "github"
      }
    },
    "nixpkgs": {
      "locked": {
        "lastModified": 1625083583,
        "narHash": "sha256-rZvWGjxjaizuNDABgOu6WZXoPgXPL7U2jRybGmrGziM=",
        "owner": "tweag",
        "repo": "nixpkgs",
        "rev": "c08e7693f96d76b731644c063577a000a9ef00ba",
        "type": "github"
      },
      "original": {
        "owner": "tweag",
        "ref": "fpm-1_13_0",
        "repo": "nixpkgs",
        "type": "github"
      }
    },
    "root": {
      "inputs": {
        "flake-utils": "flake-utils",
        "nixpkgs": "nixpkgs"
      }
    }
  },
  "root": "root",
  "version": 7
}
